
Microsoft Visual Studio Solution File, Format Version 12.00
# Visual Studio Version 17
VisualStudioVersion = 17.14.37614.0
MinimumVisualStudioVersion = 10.0.40219.1
Project("{FAE04EC0-301F-11D3-BF4B-00C04F79EFBC}") = "AnyCard", "AnyCard\AnyCard.csproj", "{947325E9-D2C5-4C64-8B50-E1F716771293}"
	ProjectSection(ProjectDependencies) = postProject
		{32597064-9A4C-4C73-BEB1-BA921BA279A5} = {32597064-9A4C-4C73-BEB1-BA921BA279A5}
		{B811B206-EF41-4C29-A09E-5040FD43F301} = {B811B206-EF41-4C29-A09E-5040FD43F301}
	EndProjectSection
EndProject
Project("{FAE04EC0-301F-11D3-BF4B-00C04F79EFBC}") = "AnyCard.Application", "AnyCard.Application\AnyCard.Application.csproj", "{32597064-9A4C-4C73-BEB1-BA921BA279A5}"
	ProjectSection(ProjectDependencies) = postProject
		{72CF5F5B-D4A1-4B85-9ABC-48526B4F6425} = {72CF5F5B-D4A1-4B85-9ABC-48526B4F6425}
	EndProjectSection
EndProject
Project("{FAE04EC0-301F-11D3-BF4B-00C04F79EFBC}") = "AnyCard.Infrastructure", "AnyCard.Infrastructure\AnyCard.Infrastructure.csproj", "{B811B206-EF41-4C29-A09E-5040FD43F301}"
	ProjectSection(ProjectDependencies) = postProject
		{32597064-9A4C-4C73-BEB1-BA921BA279A5} = {32597064-9A4C-4C73-BEB1-BA921BA279A5}
		{72CF5F5B-D4A1-4B85-9ABC-48526B4F6425} = {72CF5F5B-D4A1-4B85-9ABC-48526B4F6425}
	EndProjectSection
EndProject
Project("{FAE04EC0-301F-11D3-BF4B-00C04F79EFBC}") = "AnyCard.Domain", "AnyCard.Domain\AnyCard.Domain.csproj", "{72CF5F5B-D4A1-4B85-9ABC-48526B4F6425}"
EndProject
Global
	GlobalSection(SolutionConfigurationPlatforms) = preSolution
		Debug|Any CPU = Debug|Any CPU
		Release|Any CPU = Release|Any CPU
	EndGlobalSection
	GlobalSection(ProjectConfigurationPlatforms) = postSolution
		{947325E9-D2C5-4C64-8B50-E1F716771293}.Debug|Any CPU.ActiveCfg = Debug|Any CPU
		{947325E9-D2C5-4C64-8B50-E1F716771293}.Debug|Any CPU.Build.0 = Debug|Any CPU
		{947325E9-D2C5-4C64-8B50-E1F716771293}.Release|Any CPU.ActiveCfg = Release|Any CPU
		{947325E9-D2C5-4C64-8B50-E1F716771293}.Release|Any CPU.Build.0 = Release|Any CPU
		{32597064-9A4C-4C73-BEB1-BA921BA279A5}.Debug|Any CPU.ActiveCfg = Debug|Any CPU
		{32597064-9A4C-4C73-BEB1-BA921BA279A5}.Debug|Any CPU.Build.0 = Debug|Any CPU
		{32597064-9A4C-4C73-BEB1-BA921BA279A5}.Release|Any CPU.ActiveCfg = Release|Any CPU
		{32597064-9A4C-4C73-BEB1-BA921BA279A5}.Release|Any CPU.Build.0 = Release|Any CPU
		{B811B206-EF41-4C29-A09E-5040FD43F301}.Debug|Any CPU.ActiveCfg = Debug|Any CPU
		{B811B206-EF41-4C29-A09E-5040FD43F301}.Debug|Any CPU.Build.0 = Debug|Any CPU
		{B811B206-EF41-4C29-A09E-5040FD43F301}.Release|Any CPU.ActiveCfg = Release|Any CPU
		{B811B206-EF41-4C29-A09E-5040FD43F301}.Release|Any CPU.Build.0 = Release|Any CPU
		{72CF5F5B-D4A1-4B85-9ABC-48526B4F6425}.Debug|Any CPU.ActiveCfg = Debug|Any CPU
		{72CF5F5B-D4A1-4B85-9ABC-48526B4F6425}.Debug|Any CPU.Build.0 = Debug|Any CPU
		{72CF5F5B-D4A1-4B85-9ABC-48526B4F6425}.Release|Any CPU.ActiveCfg = Release|Any CPU
		{72CF5F5B-D4A1-4B85-9ABC-48526B4F6425}.Release|Any CPU.Build.0 = Release|Any CPU
	EndGlobalSection
	GlobalSection(SolutionProperties) = preSolution
		HideSolutionNode = FALSE
	EndGlobalSection
	GlobalSection(ExtensibilityGlobals) = postSolution
		SolutionGuid = {6C17A233-381F-4D8B-94CA-D2382FF38FD6}
	EndGlobalSection
EndGlobal
